
Microsoft Visual Studio Solution File, Format Version 12.00
# Visual Studio 15
VisualStudioVersion = 15.0.28307.421
MinimumVisualStudioVersion = 10.0.40219.1
Project("{FAE04EC0-301F-11D3-BF4B-00C04F79EFBC}") = "Converter.Android", "Converter\Converter.Android\Converter.Android.csproj", "{841FB495-82F2-433F-9C3A-3653AA42EE6F}"
EndProject
Project("{FAE04EC0-301F-11D3-BF4B-00C04F79EFBC}") = "Converter.iOS", "Converter\Converter.iOS\Converter.iOS.csproj", "{E3C16095-6E27-42A7-B756-820D5934ED8A}"
EndProject
Project("{FAE04EC0-301F-11D3-BF4B-00C04F79EFBC}") = "Converter.UWP", "Converter\Converter.UWP\Converter.UWP.csproj", "{572790A6-63F4-48D7-A738-55E5C8F65204}"
EndProject
Project("{FAE04EC0-301F-11D3-BF4B-00C04F79EFBC}") = "Converter", "Converter\Converter\Converter.csproj", "{634D7750-1621-42C4-A876-8B216F99A665}"
EndProject
Global
	GlobalSection(SolutionConfigurationPlatforms) = preSolution
		Ad-Hoc|Any CPU = Ad-Hoc|Any CPU
		Ad-Hoc|ARM = Ad-Hoc|ARM
		Ad-Hoc|iPhone = Ad-Hoc|iPhone
		Ad-Hoc|iPhoneSimulator = Ad-Hoc|iPhoneSimulator
		Ad-Hoc|x64 = Ad-Hoc|x64
		Ad-Hoc|x86 = Ad-Hoc|x86
		AppStore|Any CPU = AppStore|Any CPU
		AppStore|ARM = AppStore|ARM
		AppStore|iPhone = AppStore|iPhone
		AppStore|iPhoneSimulator = AppStore|iPhoneSimulator
		AppStore|x64 = AppStore|x64
		AppStore|x86 = AppStore|x86
		Debug|Any CPU = Debug|Any CPU
		Debug|ARM = Debug|ARM
		Debug|iPhone = Debug|iPhone
		Debug|iPhoneSimulator = Debug|iPhoneSimulator
		Debug|x64 = Debug|x64
		Debug|x86 = Debug|x86
		Release|Any CPU = Release|Any CPU
		Release|ARM = Release|ARM
		Release|iPhone = Release|iPhone
		Release|iPhoneSimulator = Release|iPhoneSimulator
		Release|x64 = Release|x64
		Release|x86 = Release|x86
	EndGlobalSection
	GlobalSection(ProjectConfigurationPlatforms) = postSolution
		{841FB495-82F2-433F-9C3A-3653AA42EE6F}.Ad-Hoc|Any CPU.ActiveCfg = Release|Any CPU
		{841FB495-82F2-433F-9C3A-3653AA42EE6F}.Ad-Hoc|Any CPU.Build.0 = Release|Any CPU
		{841FB495-82F2-433F-9C3A-3653AA42EE6F}.Ad-Hoc|Any CPU.Deploy.0 = Release|Any CPU
		{841FB495-82F2-433F-9C3A-3653AA42EE6F}.Ad-Hoc|ARM.ActiveCfg = Release|Any CPU
		{841FB495-82F2-433F-9C3A-3653AA42EE6F}.Ad-Hoc|ARM.Build.0 = Release|Any CPU
		{841FB495-82F2-433F-9C3A-3653AA42EE6F}.Ad-Hoc|ARM.Deploy.0 = Release|Any CPU
		{841FB495-82F2-433F-9C3A-3653AA42EE6F}.Ad-Hoc|iPhone.ActiveCfg = Release|Any CPU
		{841FB495-82F2-433F-9C3A-3653AA42EE6F}.Ad-Hoc|iPhone.Build.0 = Release|Any CPU
		{841FB495-82F2-433F-9C3A-3653AA42EE6F}.Ad-Hoc|iPhone.Deploy.0 = Release|Any CPU
		{841FB495-82F2-433F-9C3A-3653AA42EE6F}.Ad-Hoc|iPhoneSimulator.ActiveCfg = Release|Any CPU
		{841FB495-82F2-433F-9C3A-3653AA42EE6F}.Ad-Hoc|iPhoneSimulator.Build.0 = Release|Any CPU
		{841FB495-82F2-433F-9C3A-3653AA42EE6F}.Ad-Hoc|iPhoneSimulator.Deploy.0 = Release|Any CPU
		{841FB495-82F2-433F-9C3A-3653AA42EE6F}.Ad-Hoc|x64.ActiveCfg = Release|Any CPU
		{841FB495-82F2-433F-9C3A-3653AA42EE6F}.Ad-Hoc|x64.Build.0 = Release|Any CPU
		{841FB495-82F2-433F-9C3A-3653AA42EE6F}.Ad-Hoc|x64.Deploy.0 = Release|Any CPU
		{841FB495-82F2-433F-9C3A-3653AA42EE6F}.Ad-Hoc|x86.ActiveCfg = Release|Any CPU
		{841FB495-82F2-433F-9C3A-3653AA42EE6F}.Ad-Hoc|x86.Build.0 = Release|Any CPU
		{841FB495-82F2-433F-9C3A-3653AA42EE6F}.Ad-Hoc|x86.Deploy.0 = Release|Any CPU
		{841FB495-82F2-433F-9C3A-3653AA42EE6F}.AppStore|Any CPU.ActiveCfg = Release|Any CPU
		{841FB495-82F2-433F-9C3A-3653AA42EE6F}.AppStore|Any CPU.Build.0 = Release|Any CPU
		{841FB495-82F2-433F-9C3A-3653AA42EE6F}.AppStore|Any CPU.Deploy.0 = Release|Any CPU
		{841FB495-82F2-433F-9C3A-3653AA42EE6F}.AppStore|ARM.ActiveCfg = Release|Any CPU
		{841FB495-82F2-433F-9C3A-3653AA42EE6F}.AppStore|ARM.Build.0 = Release|Any CPU
		{841FB495-82F2-433F-9C3A-3653AA42EE6F}.AppStore|ARM.Deploy.0 = Release|Any CPU
		{841FB495-82F2-433F-9C3A-3653AA42EE6F}.AppStore|iPhone.ActiveCfg = Release|Any CPU
		{841FB495-82F2-433F-9C3A-3653AA42EE6F}.AppStore|iPhone.Build.0 = Release|Any CPU
		{841FB495-82F2-433F-9C3A-3653AA42EE6F}.AppStore|iPhone.Deploy.0 = Release|Any CPU
		{841FB495-82F2-433F-9C3A-3653AA42EE6F}.AppStore|iPhoneSimulator.ActiveCfg = Release|Any CPU
		{841FB495-82F2-433F-9C3A-3653AA42EE6F}.AppStore|iPhoneSimulator.Build.0 = Release|Any CPU
		{841FB495-82F2-433F-9C3A-3653AA42EE6F}.AppStore|iPhoneSimulator.Deploy.0 = Release|Any CPU
		{841FB495-82F2-433F-9C3A-3653AA42EE6F}.AppStore|x64.ActiveCfg = Release|Any CPU
		{841FB495-82F2-433F-9C3A-3653AA42EE6F}.AppStore|x64.Build.0 = Release|Any CPU
		{841FB495-82F2-433F-9C3A-3653AA42EE6F}.AppStore|x64.Deploy.0 = Release|Any CPU
		{841FB495-82F2-433F-9C3A-3653AA42EE6F}.AppStore|x86.ActiveCfg = Release|Any CPU
		{841FB495-82F2-433F-9C3A-3653AA42EE6F}.AppStore|x86.Build.0 = Release|Any CPU
		{841FB495-82F2-433F-9C3A-3653AA42EE6F}.AppStore|x86.Deploy.0 = Release|Any CPU
		{841FB495-82F2-433F-9C3A-3653AA42EE6F}.Debug|Any CPU.ActiveCfg = Debug|Any CPU
		{841FB495-82F2-433F-9C3A-3653AA42EE6F}.Debug|Any CPU.Build.0 = Debug|Any CPU
		{841FB495-82F2-433F-9C3A-3653AA42EE6F}.Debug|Any CPU.Deploy.0 = Debug|Any CPU
		{841FB495-82F2-433F-9C3A-3653AA42EE6F}.Debug|ARM.ActiveCfg = Debug|Any CPU
		{841FB495-82F2-433F-9C3A-3653AA42EE6F}.Debug|ARM.Build.0 = Debug|Any CPU
		{841FB495-82F2-433F-9C3A-3653AA42EE6F}.Debug|ARM.Deploy.0 = Debug|Any CPU
		{841FB495-82F2-433F-9C3A-3653AA42EE6F}.Debug|iPhone.ActiveCfg = Debug|Any CPU
		{841FB495-82F2-433F-9C3A-3653AA42EE6F}.Debug|iPhone.Build.0 = Debug|Any CPU
		{841FB495-82F2-433F-9C3A-3653AA42EE6F}.Debug|iPhone.Deploy.0 = Debug|Any CPU
		{841FB495-82F2-433F-9C3A-3653AA42EE6F}.Debug|iPhoneSimulator.ActiveCfg = Debug|Any CPU
		{841FB495-82F2-433F-9C3A-3653AA42EE6F}.Debug|iPhoneSimulator.Build.0 = Debug|Any CPU
		{841FB495-82F2-433F-9C3A-3653AA42EE6F}.Debug|iPhoneSimulator.Deploy.0 = Debug|Any CPU
		{841FB495-82F2-433F-9C3A-3653AA42EE6F}.Debug|x64.ActiveCfg = Debug|Any CPU
		{841FB495-82F2-433F-9C3A-3653AA42EE6F}.Debug|x64.Build.0 = Debug|Any CPU
		{841FB495-82F2-433F-9C3A-3653AA42EE6F}.Debug|x64.Deploy.0 = Debug|Any CPU
		{841FB495-82F2-433F-9C3A-3653AA42EE6F}.Debug|x86.ActiveCfg = Debug|Any CPU
		{841FB495-82F2-433F-9C3A-3653AA42EE6F}.Debug|x86.Build.0 = Debug|Any CPU
		{841FB495-82F2-433F-9C3A-3653AA42EE6F}.Debug|x86.Deploy.0 = Debug|Any CPU
		{841FB495-82F2-433F-9C3A-3653AA42EE6F}.Release|Any CPU.ActiveCfg = Release|Any CPU
		{841FB495-82F2-433F-9C3A-3653AA42EE6F}.Release|Any CPU.Build.0 = Release|Any CPU
		{841FB495-82F2-433F-9C3A-3653AA42EE6F}.Release|Any CPU.Deploy.0 = Release|Any CPU
		{841FB495-82F2-433F-9C3A-3653AA42EE6F}.Release|ARM.ActiveCfg = Release|Any CPU
		{841FB495-82F2-433F-9C3A-3653AA42EE6F}.Release|ARM.Build.0 = Release|Any CPU
		{841FB495-82F2-433F-9C3A-3653AA42EE6F}.Release|ARM.Deploy.0 = Release|Any CPU
		{841FB495-82F2-433F-9C3A-3653AA42EE6F}.Release|iPhone.ActiveCfg = Release|Any CPU
		{841FB495-82F2-433F-9C3A-3653AA42EE6F}.Release|iPhone.Build.0 = Release|Any CPU
		{841FB495-82F2-433F-9C3A-3653AA42EE6F}.Release|iPhone.Deploy.0 = Release|Any CPU
		{841FB495-82F2-433F-9C3A-3653AA42EE6F}.Release|iPhoneSimulator.ActiveCfg = Release|Any CPU
		{841FB495-82F2-433F-9C3A-3653AA42EE6F}.Release|iPhoneSimulator.Build.0 = Release|Any CPU
		{841FB495-82F2-433F-9C3A-3653AA42EE6F}.Release|iPhoneSimulator.Deploy.0 = Release|Any CPU
		{841FB495-82F2-433F-9C3A-3653AA42EE6F}.Release|x64.ActiveCfg = Release|Any CPU
		{841FB495-82F2-433F-9C3A-3653AA42EE6F}.Release|x64.Build.0 = Release|Any CPU
		{841FB495-82F2-433F-9C3A-3653AA42EE6F}.Release|x64.Deploy.0 = Release|Any CPU
		{841FB495-82F2-433F-9C3A-3653AA42EE6F}.Release|x86.ActiveCfg = Release|Any CPU
		{841FB495-82F2-433F-9C3A-3653AA42EE6F}.Release|x86.Build.0 = Release|Any CPU
		{841FB495-82F2-433F-9C3A-3653AA42EE6F}.Release|x86.Deploy.0 = Release|Any CPU
		{E3C16095-6E27-42A7-B756-820D5934ED8A}.Ad-Hoc|Any CPU.ActiveCfg = Ad-Hoc|iPhone
		{E3C16095-6E27-42A7-B756-820D5934ED8A}.Ad-Hoc|Any CPU.Build.0 = Ad-Hoc|iPhone
		{E3C16095-6E27-42A7-B756-820D5934ED8A}.Ad-Hoc|Any CPU.Deploy.0 = Ad-Hoc|iPhone
		{E3C16095-6E27-42A7-B756-820D5934ED8A}.Ad-Hoc|ARM.ActiveCfg = Ad-Hoc|iPhone
		{E3C16095-6E27-42A7-B756-820D5934ED8A}.Ad-Hoc|ARM.Build.0 = Ad-Hoc|iPhone
		{E3C16095-6E27-42A7-B756-820D5934ED8A}.Ad-Hoc|ARM.Deploy.0 = Ad-Hoc|iPhone
		{E3C16095-6E27-42A7-B756-820D5934ED8A}.Ad-Hoc|iPhone.ActiveCfg = Ad-Hoc|iPhone
		{E3C16095-6E27-42A7-B756-820D5934ED8A}.Ad-Hoc|iPhone.Build.0 = Ad-Hoc|iPhone
		{E3C16095-6E27-42A7-B756-820D5934ED8A}.Ad-Hoc|iPhone.Deploy.0 = Ad-Hoc|iPhone
		{E3C16095-6E27-42A7-B756-820D5934ED8A}.Ad-Hoc|iPhoneSimulator.ActiveCfg = Ad-Hoc|iPhoneSimulator
		{E3C16095-6E27-42A7-B756-820D5934ED8A}.Ad-Hoc|iPhoneSimulator.Build.0 = Ad-Hoc|iPhoneSimulator
		{E3C16095-6E27-42A7-B756-820D5934ED8A}.Ad-Hoc|iPhoneSimulator.Deploy.0 = Ad-Hoc|iPhoneSimulator
		{E3C16095-6E27-42A7-B756-820D5934ED8A}.Ad-Hoc|x64.ActiveCfg = Ad-Hoc|iPhone
		{E3C16095-6E27-42A7-B756-820D5934ED8A}.Ad-Hoc|x64.Build.0 = Ad-Hoc|iPhone
		{E3C16095-6E27-42A7-B756-820D5934ED8A}.Ad-Hoc|x64.Deploy.0 = Ad-Hoc|iPhone
		{E3C16095-6E27-42A7-B756-820D5934ED8A}.Ad-Hoc|x86.ActiveCfg = Ad-Hoc|iPhone
		{E3C16095-6E27-42A7-B756-820D5934ED8A}.Ad-Hoc|x86.Build.0 = Ad-Hoc|iPhone
		{E3C16095-6E27-42A7-B756-820D5934ED8A}.Ad-Hoc|x86.Deploy.0 = Ad-Hoc|iPhone
		{E3C16095-6E27-42A7-B756-820D5934ED8A}.AppStore|Any CPU.ActiveCfg = AppStore|iPhone
		{E3C16095-6E27-42A7-B756-820D5934ED8A}.AppStore|Any CPU.Build.0 = AppStore|iPhone
		{E3C16095-6E27-42A7-B756-820D5934ED8A}.AppStore|Any CPU.Deploy.0 = AppStore|iPhone
		{E3C16095-6E27-42A7-B756-820D5934ED8A}.AppStore|ARM.ActiveCfg = AppStore|iPhone
		{E3C16095-6E27-42A7-B756-820D5934ED8A}.AppStore|ARM.Build.0 = AppStore|iPhone
		{E3C16095-6E27-42A7-B756-820D5934ED8A}.AppStore|ARM.Deploy.0 = AppStore|iPhone
		{E3C16095-6E27-42A7-B756-820D5934ED8A}.AppStore|iPhone.ActiveCfg = AppStore|iPhone
		{E3C16095-6E27-42A7-B756-820D5934ED8A}.AppStore|iPhone.Build.0 = AppStore|iPhone
		{E3C16095-6E27-42A7-B756-820D5934ED8A}.AppStore|iPhone.Deploy.0 = AppStore|iPhone
		{E3C16095-6E27-42A7-B756-820D5934ED8A}.AppStore|iPhoneSimulator.ActiveCfg = AppStore|iPhoneSimulator
		{E3C16095-6E27-42A7-B756-820D5934ED8A}.AppStore|iPhoneSimulator.Build.0 = AppStore|iPhoneSimulator
		{E3C16095-6E27-42A7-B756-820D5934ED8A}.AppStore|iPhoneSimulator.Deploy.0 = AppStore|iPhoneSimulator
		{E3C16095-6E27-42A7-B756-820D5934ED8A}.AppStore|x64.ActiveCfg = AppStore|iPhone
		{E3C16095-6E27-42A7-B756-820D5934ED8A}.AppStore|x64.Build.0 = AppStore|iPhone
		{E3C16095-6E27-42A7-B756-820D5934ED8A}.AppStore|x64.Deploy.0 = AppStore|iPhone
		{E3C16095-6E27-42A7-B756-820D5934ED8A}.AppStore|x86.ActiveCfg = AppStore|iPhone
		{E3C16095-6E27-42A7-B756-820D5934ED8A}.AppStore|x86.Build.0 = AppStore|iPhone
		{E3C16095-6E27-42A7-B756-820D5934ED8A}.AppStore|x86.Deploy.0 = AppStore|iPhone
		{E3C16095-6E27-42A7-B756-820D5934ED8A}.Debug|Any CPU.ActiveCfg = Debug|iPhoneSimulator
		{E3C16095-6E27-42A7-B756-820D5934ED8A}.Debug|Any CPU.Build.0 = Debug|iPhoneSimulator
		{E3C16095-6E27-42A7-B756-820D5934ED8A}.Debug|Any CPU.Deploy.0 = Debug|iPhoneSimulator
		{E3C16095-6E27-42A7-B756-820D5934ED8A}.Debug|ARM.ActiveCfg = Debug|iPhone
		{E3C16095-6E27-42A7-B756-820D5934ED8A}.Debug|ARM.Build.0 = Debug|iPhone
		{E3C16095-6E27-42A7-B756-820D5934ED8A}.Debug|ARM.Deploy.0 = Debug|iPhone
		{E3C16095-6E27-42A7-B756-820D5934ED8A}.Debug|iPhone.ActiveCfg = Debug|iPhone
		{E3C16095-6E27-42A7-B756-820D5934ED8A}.Debug|iPhone.Build.0 = Debug|iPhone
		{E3C16095-6E27-42A7-B756-820D5934ED8A}.Debug|iPhone.Deploy.0 = Debug|iPhone
		{E3C16095-6E27-42A7-B756-820D5934ED8A}.Debug|iPhoneSimulator.ActiveCfg = Debug|iPhoneSimulator
		{E3C16095-6E27-42A7-B756-820D5934ED8A}.Debug|iPhoneSimulator.Build.0 = Debug|iPhoneSimulator
		{E3C16095-6E27-42A7-B756-820D5934ED8A}.Debug|iPhoneSimulator.Deploy.0 = Debug|iPhoneSimulator
		{E3C16095-6E27-42A7-B756-820D5934ED8A}.Debug|x64.ActiveCfg = Debug|iPhone
		{E3C16095-6E27-42A7-B756-820D5934ED8A}.Debug|x64.Build.0 = Debug|iPhone
		{E3C16095-6E27-42A7-B756-820D5934ED8A}.Debug|x64.Deploy.0 = Debug|iPhone
		{E3C16095-6E27-42A7-B756-820D5934ED8A}.Debug|x86.ActiveCfg = Debug|iPhone
		{E3C16095-6E27-42A7-B756-820D5934ED8A}.Debug|x86.Build.0 = Debug|iPhone
		{E3C16095-6E27-42A7-B756-820D5934ED8A}.Debug|x86.Deploy.0 = Debug|iPhone
		{E3C16095-6E27-42A7-B756-820D5934ED8A}.Release|Any CPU.ActiveCfg = Release|iPhone
		{E3C16095-6E27-42A7-B756-820D5934ED8A}.Release|Any CPU.Build.0 = Release|iPhone
		{E3C16095-6E27-42A7-B756-820D5934ED8A}.Release|Any CPU.Deploy.0 = Release|iPhone
		{E3C16095-6E27-42A7-B756-820D5934ED8A}.Release|ARM.ActiveCfg = Release|iPhone
		{E3C16095-6E27-42A7-B756-820D5934ED8A}.Release|ARM.Build.0 = Release|iPhone
		{E3C16095-6E27-42A7-B756-820D5934ED8A}.Release|ARM.Deploy.0 = Release|iPhone
		{E3C16095-6E27-42A7-B756-820D5934ED8A}.Release|iPhone.ActiveCfg = Release|iPhone
		{E3C16095-6E27-42A7-B756-820D5934ED8A}.Release|iPhone.Build.0 = Release|iPhone
		{E3C16095-6E27-42A7-B756-820D5934ED8A}.Release|iPhone.Deploy.0 = Release|iPhone
		{E3C16095-6E27-42A7-B756-820D5934ED8A}.Release|iPhoneSimulator.ActiveCfg = Release|iPhoneSimulator
		{E3C16095-6E27-42A7-B756-820D5934ED8A}.Release|iPhoneSimulator.Build.0 = Release|iPhoneSimulator
		{E3C16095-6E27-42A7-B756-820D5934ED8A}.Release|iPhoneSimulator.Deploy.0 = Release|iPhoneSimulator
		{E3C16095-6E27-42A7-B756-820D5934ED8A}.Release|x64.ActiveCfg = Release|iPhone
		{E3C16095-6E27-42A7-B756-820D5934ED8A}.Release|x64.Build.0 = Release|iPhone
		{E3C16095-6E27-42A7-B756-820D5934ED8A}.Release|x64.Deploy.0 = Release|iPhone
		{E3C16095-6E27-42A7-B756-820D5934ED8A}.Release|x86.ActiveCfg = Release|iPhone
		{E3C16095-6E27-42A7-B756-820D5934ED8A}.Release|x86.Build.0 = Release|iPhone
		{E3C16095-6E27-42A7-B756-820D5934ED8A}.Release|x86.Deploy.0 = Release|iPhone
		{572790A6-63F4-48D7-A738-55E5C8F65204}.Ad-Hoc|Any CPU.ActiveCfg = Release|x86
		{572790A6-63F4-48D7-A738-55E5C8F65204}.Ad-Hoc|Any CPU.Build.0 = Release|x86
		{572790A6-63F4-48D7-A738-55E5C8F65204}.Ad-Hoc|Any CPU.Deploy.0 = Release|x86
		{572790A6-63F4-48D7-A738-55E5C8F65204}.Ad-Hoc|ARM.ActiveCfg = Release|ARM
		{572790A6-63F4-48D7-A738-55E5C8F65204}.Ad-Hoc|ARM.Build.0 = Release|ARM
		{572790A6-63F4-48D7-A738-55E5C8F65204}.Ad-Hoc|ARM.Deploy.0 = Release|ARM
		{572790A6-63F4-48D7-A738-55E5C8F65204}.Ad-Hoc|iPhone.ActiveCfg = Release|x86
		{572790A6-63F4-48D7-A738-55E5C8F65204}.Ad-Hoc|iPhone.Build.0 = Release|x86
		{572790A6-63F4-48D7-A738-55E5C8F65204}.Ad-Hoc|iPhone.Deploy.0 = Release|x86
		{572790A6-63F4-48D7-A738-55E5C8F65204}.Ad-Hoc|iPhoneSimulator.ActiveCfg = Release|x86
		{572790A6-63F4-48D7-A738-55E5C8F65204}.Ad-Hoc|iPhoneSimulator.Build.0 = Release|x86
		{572790A6-63F4-48D7-A738-55E5C8F65204}.Ad-Hoc|iPhoneSimulator.Deploy.0 = Release|x86
		{572790A6-63F4-48D7-A738-55E5C8F65204}.Ad-Hoc|x64.ActiveCfg = Release|x64
		{572790A6-63F4-48D7-A738-55E5C8F65204}.Ad-Hoc|x64.Build.0 = Release|x64
		{572790A6-63F4-48D7-A738-55E5C8F65204}.Ad-Hoc|x64.Deploy.0 = Release|x64
		{572790A6-63F4-48D7-A738-55E5C8F65204}.Ad-Hoc|x86.ActiveCfg = Release|x86
		{572790A6-63F4-48D7-A738-55E5C8F65204}.Ad-Hoc|x86.Build.0 = Release|x86
		{572790A6-63F4-48D7-A738-55E5C8F65204}.Ad-Hoc|x86.Deploy.0 = Release|x86
		{572790A6-63F4-48D7-A738-55E5C8F65204}.AppStore|Any CPU.ActiveCfg = Release|x86
		{572790A6-63F4-48D7-A738-55E5C8F65204}.AppStore|Any CPU.Build.0 = Release|x86
		{572790A6-63F4-48D7-A738-55E5C8F65204}.AppStore|Any CPU.Deploy.0 = Release|x86
		{572790A6-63F4-48D7-A738-55E5C8F65204}.AppStore|ARM.ActiveCfg = Release|ARM
		{572790A6-63F4-48D7-A738-55E5C8F65204}.AppStore|ARM.Build.0 = Release|ARM
		{572790A6-63F4-48D7-A738-55E5C8F65204}.AppStore|ARM.Deploy.0 = Release|ARM
		{572790A6-63F4-48D7-A738-55E5C8F65204}.AppStore|iPhone.ActiveCfg = Release|x86
		{572790A6-63F4-48D7-A738-55E5C8F65204}.AppStore|iPhone.Build.0 = Release|x86
		{572790A6-63F4-48D7-A738-55E5C8F65204}.AppStore|iPhone.Deploy.0 = Release|x86
		{572790A6-63F4-48D7-A738-55E5C8F65204}.AppStore|iPhoneSimulator.ActiveCfg = Release|x86
		{572790A6-63F4-48D7-A738-55E5C8F65204}.AppStore|iPhoneSimulator.Build.0 = Release|x86
		{572790A6-63F4-48D7-A738-55E5C8F65204}.AppStore|iPhoneSimulator.Deploy.0 = Release|x86
		{572790A6-63F4-48D7-A738-55E5C8F65204}.AppStore|x64.ActiveCfg = Release|x64
		{572790A6-63F4-48D7-A738-55E5C8F65204}.AppStore|x64.Build.0 = Release|x64
		{572790A6-63F4-48D7-A738-55E5C8F65204}.AppStore|x64.Deploy.0 = Release|x64
		{572790A6-63F4-48D7-A738-55E5C8F65204}.AppStore|x86.ActiveCfg = Release|x86
		{572790A6-63F4-48D7-A738-55E5C8F65204}.AppStore|x86.Build.0 = Release|x86
		{572790A6-63F4-48D7-A738-55E5C8F65204}.AppStore|x86.Deploy.0 = Release|x86
		{572790A6-63F4-48D7-A738-55E5C8F65204}.Debug|Any CPU.ActiveCfg = Debug|x86
		{572790A6-63F4-48D7-A738-55E5C8F65204}.Debug|Any CPU.Build.0 = Debug|x86
		{572790A6-63F4-48D7-A738-55E5C8F65204}.Debug|Any CPU.Deploy.0 = Debug|x86
		{572790A6-63F4-48D7-A738-55E5C8F65204}.Debug|ARM.ActiveCfg = Debug|ARM
		{572790A6-63F4-48D7-A738-55E5C8F65204}.Debug|ARM.Build.0 = Debug|ARM
		{572790A6-63F4-48D7-A738-55E5C8F65204}.Debug|ARM.Deploy.0 = Debug|ARM
		{572790A6-63F4-48D7-A738-55E5C8F65204}.Debug|iPhone.ActiveCfg = Debug|x86
		{572790A6-63F4-48D7-A738-55E5C8F65204}.Debug|iPhone.Build.0 = Debug|x86
		{572790A6-63F4-48D7-A738-55E5C8F65204}.Debug|iPhone.Deploy.0 = Debug|x86
		{572790A6-63F4-48D7-A738-55E5C8F65204}.Debug|iPhoneSimulator.ActiveCfg = Debug|x86
		{572790A6-63F4-48D7-A738-55E5C8F65204}.Debug|iPhoneSimulator.Build.0 = Debug|x86
		{572790A6-63F4-48D7-A738-55E5C8F65204}.Debug|iPhoneSimulator.Deploy.0 = Debug|x86
		{572790A6-63F4-48D7-A738-55E5C8F65204}.Debug|x64.ActiveCfg = Debug|x64
		{572790A6-63F4-48D7-A738-55E5C8F65204}.Debug|x64.Build.0 = Debug|x64
		{572790A6-63F4-48D7-A738-55E5C8F65204}.Debug|x64.Deploy.0 = Debug|x64
		{572790A6-63F4-48D7-A738-55E5C8F65204}.Debug|x86.ActiveCfg = Debug|x86
		{572790A6-63F4-48D7-A738-55E5C8F65204}.Debug|x86.Build.0 = Debug|x86
		{572790A6-63F4-48D7-A738-55E5C8F65204}.Debug|x86.Deploy.0 = Debug|x86
		{572790A6-63F4-48D7-A738-55E5C8F65204}.Release|Any CPU.ActiveCfg = Release|x86
		{572790A6-63F4-48D7-A738-55E5C8F65204}.Release|Any CPU.Build.0 = Release|x86
		{572790A6-63F4-48D7-A738-55E5C8F65204}.Release|Any CPU.Deploy.0 = Release|x86
		{572790A6-63F4-48D7-A738-55E5C8F65204}.Release|ARM.ActiveCfg = Release|ARM
		{572790A6-63F4-48D7-A738-55E5C8F65204}.Release|ARM.Build.0 = Release|ARM
		{572790A6-63F4-48D7-A738-55E5C8F65204}.Release|ARM.Deploy.0 = Release|ARM
		{572790A6-63F4-48D7-A738-55E5C8F65204}.Release|iPhone.ActiveCfg = Release|x86
		{572790A6-63F4-48D7-A738-55E5C8F65204}.Release|iPhone.Build.0 = Release|x86
		{572790A6-63F4-48D7-A738-55E5C8F65204}.Release|iPhone.Deploy.0 = Release|x86
		{572790A6-63F4-48D7-A738-55E5C8F65204}.Release|iPhoneSimulator.ActiveCfg = Release|x86
		{572790A6-63F4-48D7-A738-55E5C8F65204}.Release|iPhoneSimulator.Build.0 = Release|x86
		{572790A6-63F4-48D7-A738-55E5C8F65204}.Release|iPhoneSimulator.Deploy.0 = Release|x86
		{572790A6-63F4-48D7-A738-55E5C8F65204}.Release|x64.ActiveCfg = Release|x64
		{572790A6-63F4-48D7-A738-55E5C8F65204}.Release|x64.Build.0 = Release|x64
		{572790A6-63F4-48D7-A738-55E5C8F65204}.Release|x64.Deploy.0 = Release|x64
		{572790A6-63F4-48D7-A738-55E5C8F65204}.Release|x86.ActiveCfg = Release|x86
		{572790A6-63F4-48D7-A738-55E5C8F65204}.Release|x86.Build.0 = Release|x86
		{572790A6-63F4-48D7-A738-55E5C8F65204}.Release|x86.Deploy.0 = Release|x86
		{634D7750-1621-42C4-A876-8B216F99A665}.Ad-Hoc|Any CPU.ActiveCfg = Debug|Any CPU
		{634D7750-1621-42C4-A876-8B216F99A665}.Ad-Hoc|Any CPU.Build.0 = Debug|Any CPU
		{634D7750-1621-42C4-A876-8B216F99A665}.Ad-Hoc|Any CPU.Deploy.0 = Debug|Any CPU
		{634D7750-1621-42C4-A876-8B216F99A665}.Ad-Hoc|ARM.ActiveCfg = Debug|Any CPU
		{634D7750-1621-42C4-A876-8B216F99A665}.Ad-Hoc|ARM.Build.0 = Debug|Any CPU
		{634D7750-1621-42C4-A876-8B216F99A665}.Ad-Hoc|ARM.Deploy.0 = Debug|Any CPU
		{634D7750-1621-42C4-A876-8B216F99A665}.Ad-Hoc|iPhone.ActiveCfg = Debug|Any CPU
		{634D7750-1621-42C4-A876-8B216F99A665}.Ad-Hoc|iPhone.Build.0 = Debug|Any CPU
		{634D7750-1621-42C4-A876-8B216F99A665}.Ad-Hoc|iPhone.Deploy.0 = Debug|Any CPU
		{634D7750-1621-42C4-A876-8B216F99A665}.Ad-Hoc|iPhoneSimulator.ActiveCfg = Debug|Any CPU
		{634D7750-1621-42C4-A876-8B216F99A665}.Ad-Hoc|iPhoneSimulator.Build.0 = Debug|Any CPU
		{634D7750-1621-42C4-A876-8B216F99A665}.Ad-Hoc|iPhoneSimulator.Deploy.0 = Debug|Any CPU
		{634D7750-1621-42C4-A876-8B216F99A665}.Ad-Hoc|x64.ActiveCfg = Debug|Any CPU
		{634D7750-1621-42C4-A876-8B216F99A665}.Ad-Hoc|x64.Build.0 = Debug|Any CPU
		{634D7750-1621-42C4-A876-8B216F99A665}.Ad-Hoc|x64.Deploy.0 = Debug|Any CPU
		{634D7750-1621-42C4-A876-8B216F99A665}.Ad-Hoc|x86.ActiveCfg = Debug|Any CPU
		{634D7750-1621-42C4-A876-8B216F99A665}.Ad-Hoc|x86.Build.0 = Debug|Any CPU
		{634D7750-1621-42C4-A876-8B216F99A665}.Ad-Hoc|x86.Deploy.0 = Debug|Any CPU
		{634D7750-1621-42C4-A876-8B216F99A665}.AppStore|Any CPU.ActiveCfg = Debug|Any CPU
		{634D7750-1621-42C4-A876-8B216F99A665}.AppStore|Any CPU.Build.0 = Debug|Any CPU
		{634D7750-1621-42C4-A876-8B216F99A665}.AppStore|Any CPU.Deploy.0 = Debug|Any CPU
		{634D7750-1621-42C4-A876-8B216F99A665}.AppStore|ARM.ActiveCfg = Debug|Any CPU
		{634D7750-1621-42C4-A876-8B216F99A665}.AppStore|ARM.Build.0 = Debug|Any CPU
		{634D7750-1621-42C4-A876-8B216F99A665}.AppStore|ARM.Deploy.0 = Debug|Any CPU
		{634D7750-1621-42C4-A876-8B216F99A665}.AppStore|iPhone.ActiveCfg = Debug|Any CPU
		{634D7750-1621-42C4-A876-8B216F99A665}.AppStore|iPhone.Build.0 = Debug|Any CPU
		{634D7750-1621-42C4-A876-8B216F99A665}.AppStore|iPhone.Deploy.0 = Debug|Any CPU
		{634D7750-1621-42C4-A876-8B216F99A665}.AppStore|iPhoneSimulator.ActiveCfg = Debug|Any CPU
		{634D7750-1621-42C4-A876-8B216F99A665}.AppStore|iPhoneSimulator.Build.0 = Debug|Any CPU
		{634D7750-1621-42C4-A876-8B216F99A665}.AppStore|iPhoneSimulator.Deploy.0 = Debug|Any CPU
		{634D7750-1621-42C4-A876-8B216F99A665}.AppStore|x64.ActiveCfg = Debug|Any CPU
		{634D7750-1621-42C4-A876-8B216F99A665}.AppStore|x64.Build.0 = Debug|Any CPU
		{634D7750-1621-42C4-A876-8B216F99A665}.AppStore|x64.Deploy.0 = Debug|Any CPU
		{634D7750-1621-42C4-A876-8B216F99A665}.AppStore|x86.ActiveCfg = Debug|Any CPU
		{634D7750-1621-42C4-A876-8B216F99A665}.AppStore|x86.Build.0 = Debug|Any CPU
		{634D7750-1621-42C4-A876-8B216F99A665}.AppStore|x86.Deploy.0 = Debug|Any CPU
		{634D7750-1621-42C4-A876-8B216F99A665}.Debug|Any CPU.ActiveCfg = Debug|Any CPU
		{634D7750-1621-42C4-A876-8B216F99A665}.Debug|Any CPU.Build.0 = Debug|Any CPU
		{634D7750-1621-42C4-A876-8B216F99A665}.Debug|Any CPU.Deploy.0 = Debug|Any CPU
		{634D7750-1621-42C4-A876-8B216F99A665}.Debug|ARM.ActiveCfg = Debug|Any CPU
		{634D7750-1621-42C4-A876-8B216F99A665}.Debug|ARM.Build.0 = Debug|Any CPU
		{634D7750-1621-42C4-A876-8B216F99A665}.Debug|ARM.Deploy.0 = Debug|Any CPU
		{634D7750-1621-42C4-A876-8B216F99A665}.Debug|iPhone.ActiveCfg = Debug|Any CPU
		{634D7750-1621-42C4-A876-8B216F99A665}.Debug|iPhone.Build.0 = Debug|Any CPU
		{634D7750-1621-42C4-A876-8B216F99A665}.Debug|iPhone.Deploy.0 = Debug|Any CPU
		{634D7750-1621-42C4-A876-8B216F99A665}.Debug|iPhoneSimulator.ActiveCfg = Debug|Any CPU
		{634D7750-1621-42C4-A876-8B216F99A665}.Debug|iPhoneSimulator.Build.0 = Debug|Any CPU
		{634D7750-1621-42C4-A876-8B216F99A665}.Debug|iPhoneSimulator.Deploy.0 = Debug|Any CPU
		{634D7750-1621-42C4-A876-8B216F99A665}.Debug|x64.ActiveCfg = Debug|Any CPU
		{634D7750-1621-42C4-A876-8B216F99A665}.Debug|x64.Build.0 = Debug|Any CPU
		{634D7750-1621-42C4-A876-8B216F99A665}.Debug|x64.Deploy.0 = Debug|Any CPU
		{634D7750-1621-42C4-A876-8B216F99A665}.Debug|x86.ActiveCfg = Debug|Any CPU
		{634D7750-1621-42C4-A876-8B216F99A665}.Debug|x86.Build.0 = Debug|Any CPU
		{634D7750-1621-42C4-A876-8B216F99A665}.Debug|x86.Deploy.0 = Debug|Any CPU
		{634D7750-1621-42C4-A876-8B216F99A665}.Release|Any CPU.ActiveCfg = Release|Any CPU
		{634D7750-1621-42C4-A876-8B216F99A665}.Release|Any CPU.Build.0 = Release|Any CPU
		{634D7750-1621-42C4-A876-8B216F99A665}.Release|Any CPU.Deploy.0 = Release|Any CPU
		{634D7750-1621-42C4-A876-8B216F99A665}.Release|ARM.ActiveCfg = Release|Any CPU
		{634D7750-1621-42C4-A876-8B216F99A665}.Release|ARM.Build.0 = Release|Any CPU
		{634D7750-1621-42C4-A876-8B216F99A665}.Release|ARM.Deploy.0 = Release|Any CPU
		{634D7750-1621-42C4-A876-8B216F99A665}.Release|iPhone.ActiveCfg = Release|Any CPU
		{634D7750-1621-42C4-A876-8B216F99A665}.Release|iPhone.Build.0 = Release|Any CPU
		{634D7750-1621-42C4-A876-8B216F99A665}.Release|iPhone.Deploy.0 = Release|Any CPU
		{634D7750-1621-42C4-A876-8B216F99A665}.Release|iPhoneSimulator.ActiveCfg = Release|Any CPU
		{634D7750-1621-42C4-A876-8B216F99A665}.Release|iPhoneSimulator.Build.0 = Release|Any CPU
		{634D7750-1621-42C4-A876-8B216F99A665}.Release|iPhoneSimulator.Deploy.0 = Release|Any CPU
		{634D7750-1621-42C4-A876-8B216F99A665}.Release|x64.ActiveCfg = Release|Any CPU
		{634D7750-1621-42C4-A876-8B216F99A665}.Release|x64.Build.0 = Release|Any CPU
		{634D7750-1621-42C4-A876-8B216F99A665}.Release|x64.Deploy.0 = Release|Any CPU
		{634D7750-1621-42C4-A876-8B216F99A665}.Release|x86.ActiveCfg = Release|Any CPU
		{634D7750-1621-42C4-A876-8B216F99A665}.Release|x86.Build.0 = Release|Any CPU
		{634D7750-1621-42C4-A876-8B216F99A665}.Release|x86.Deploy.0 = Release|Any CPU
	EndGlobalSection
	GlobalSection(SolutionProperties) = preSolution
		HideSolutionNode = FALSE
	EndGlobalSection
	GlobalSection(ExtensibilityGlobals) = postSolution
		SolutionGuid = {03D55334-AEBC-49A8-8A15-EBFC0CB83ACE}
	EndGlobalSection
EndGlobal
